
Microsoft Visual Studio Solution File, Format Version 12.00
# Visual Studio Version 16
VisualStudioVersion = 16.0.35731.53
MinimumVisualStudioVersion = 10.0.40219.1
Project("{FAE04EC0-301F-11D3-BF4B-00C04F79EFBC}") = "jogodenumeros", "jogodenumeros.csproj", "{50FB0BF5-80EF-4037-9D60-9EC14AB124DF}"
EndProject
Global
	GlobalSection(SolutionConfigurationPlatforms) = preSolution
		Debug|Any CPU = Debug|Any CPU
		Release|Any CPU = Release|Any CPU
	EndGlobalSection
	GlobalSection(ProjectConfigurationPlatforms) = postSolution
		{50FB0BF5-80EF-4037-9D60-9EC14AB124DF}.Debug|Any CPU.ActiveCfg = Debug|Any CPU
		{50FB0BF5-80EF-4037-9D60-9EC14AB124DF}.Debug|Any CPU.Build.0 = Debug|Any CPU
		{50FB0BF5-80EF-4037-9D60-9EC14AB124DF}.Release|Any CPU.ActiveCfg = Release|Any CPU
		{50FB0BF5-80EF-4037-9D60-9EC14AB124DF}.Release|Any CPU.Build.0 = Release|Any CPU
	EndGlobalSection
	GlobalSection(SolutionProperties) = preSolution
		HideSolutionNode = FALSE
	EndGlobalSection
	GlobalSection(ExtensibilityGlobals) = postSolution
		SolutionGuid = {5C0CEEF2-A02E-41B3-AFCF-B6D0F38BB813}
	EndGlobalSection
EndGlobal
